
Microsoft Visual Studio Solution File, Format Version 12.00
# Visual Studio Version 16
VisualStudioVersion = 16.0.31515.178
MinimumVisualStudioVersion = 10.0.40219.1
Project("{FAE04EC0-301F-11D3-BF4B-00C04F79EFBC}") = "MothannaCV", "MothannaCV.csproj", "{683C415C-2B3D-4954-A80E-73FFDDF10FE8}"
EndProject
Global
	GlobalSection(SolutionConfigurationPlatforms) = preSolution
		Debug|Any CPU = Debug|Any CPU
		Release|Any CPU = Release|Any CPU
	EndGlobalSection
	GlobalSection(ProjectConfigurationPlatforms) = postSolution
		{683C415C-2B3D-4954-A80E-73FFDDF10FE8}.Debug|Any CPU.ActiveCfg = Debug|Any CPU
		{683C415C-2B3D-4954-A80E-73FFDDF10FE8}.Debug|Any CPU.Build.0 = Debug|Any CPU
		{683C415C-2B3D-4954-A80E-73FFDDF10FE8}.Release|Any CPU.ActiveCfg = Release|Any CPU
		{683C415C-2B3D-4954-A80E-73FFDDF10FE8}.Release|Any CPU.Build.0 = Release|Any CPU
	EndGlobalSection
	GlobalSection(SolutionProperties) = preSolution
		HideSolutionNode = FALSE
	EndGlobalSection
	GlobalSection(ExtensibilityGlobals) = postSolution
		SolutionGuid = {4C526A11-393D-4870-BE43-D56DDFF8D5B5}
	EndGlobalSection
EndGlobal
